
Microsoft Visual Studio Solution File, Format Version 12.00
# Visual Studio 15
VisualStudioVersion = 15.0.27428.2027
MinimumVisualStudioVersion = 10.0.40219.1
Project("{8BC9CEB8-8B4A-11D0-8D11-00A0C91BC942}") = "HW2_S171697", "HW2_S171697\HW2_S171697.vcxproj", "{0738E23C-21B7-447E-96E7-0DE8E3F36C4D}"
EndProject
Global
	GlobalSection(SolutionConfigurationPlatforms) = preSolution
		Debug|x64 = Debug|x64
		Debug|x86 = Debug|x86
		Release|x64 = Release|x64
		Release|x86 = Release|x86
	EndGlobalSection
	GlobalSection(ProjectConfigurationPlatforms) = postSolution
		{0738E23C-21B7-447E-96E7-0DE8E3F36C4D}.Debug|x64.ActiveCfg = Debug|x64
		{0738E23C-21B7-447E-96E7-0DE8E3F36C4D}.Debug|x64.Build.0 = Debug|x64
		{0738E23C-21B7-447E-96E7-0DE8E3F36C4D}.Debug|x86.ActiveCfg = Debug|Win32
		{0738E23C-21B7-447E-96E7-0DE8E3F36C4D}.Debug|x86.Build.0 = Debug|Win32
		{0738E23C-21B7-447E-96E7-0DE8E3F36C4D}.Release|x64.ActiveCfg = Release|x64
		{0738E23C-21B7-447E-96E7-0DE8E3F36C4D}.Release|x64.Build.0 = Release|x64
		{0738E23C-21B7-447E-96E7-0DE8E3F36C4D}.Release|x86.ActiveCfg = Release|Win32
		{0738E23C-21B7-447E-96E7-0DE8E3F36C4D}.Release|x86.Build.0 = Release|Win32
	EndGlobalSection
	GlobalSection(SolutionProperties) = preSolution
		HideSolutionNode = FALSE
	EndGlobalSection
	GlobalSection(ExtensibilityGlobals) = postSolution
		SolutionGuid = {01100742-1004-4C34-B001-749F7A6E135B}
	EndGlobalSection
EndGlobal
